
Microsoft Visual Studio Solution File, Format Version 12.00
# Visual Studio Version 17
VisualStudioVersion = 17.4.33110.190
MinimumVisualStudioVersion = 10.0.40219.1
Project("{FAE04EC0-301F-11D3-BF4B-00C04F79EFBC}") = "Month", "Month\Month.csproj", "{856A7D70-8865-4C25-A74E-BB94978A7976}"
EndProject
Global
	GlobalSection(SolutionConfigurationPlatforms) = preSolution
		Debug|Any CPU = Debug|Any CPU
		Release|Any CPU = Release|Any CPU
	EndGlobalSection
	GlobalSection(ProjectConfigurationPlatforms) = postSolution
		{856A7D70-8865-4C25-A74E-BB94978A7976}.Debug|Any CPU.ActiveCfg = Debug|Any CPU
		{856A7D70-8865-4C25-A74E-BB94978A7976}.Debug|Any CPU.Build.0 = Debug|Any CPU
		{856A7D70-8865-4C25-A74E-BB94978A7976}.Release|Any CPU.ActiveCfg = Release|Any CPU
		{856A7D70-8865-4C25-A74E-BB94978A7976}.Release|Any CPU.Build.0 = Release|Any CPU
	EndGlobalSection
	GlobalSection(SolutionProperties) = preSolution
		HideSolutionNode = FALSE
	EndGlobalSection
	GlobalSection(ExtensibilityGlobals) = postSolution
		SolutionGuid = {0055688C-ECCC-47CC-94D1-7E179ECD5EB3}
	EndGlobalSection
EndGlobal
